
Microsoft Visual Studio Solution File, Format Version 12.00
# Visual Studio Version 17
VisualStudioVersion = 17.9.34728.123
MinimumVisualStudioVersion = 10.0.40219.1
Project("{8BC9CEB8-8B4A-11D0-8D11-00A0C91BC942}") = "driver-execute", "KM\driver-execute.vcxproj", "{4C4C54E5-C199-4146-B5D7-FDDC9FE74066}"
EndProject
Project("{8BC9CEB8-8B4A-11D0-8D11-00A0C91BC942}") = "um", "UM\um.vcxproj", "{408B9E7F-A20F-49BC-AF1D-4D1365EEEED6}"
EndProject
Global
	GlobalSection(SolutionConfigurationPlatforms) = preSolution
		Debug|x64 = Debug|x64
		Debug|x86 = Debug|x86
		Release|x64 = Release|x64
		Release|x86 = Release|x86
	EndGlobalSection
	GlobalSection(ProjectConfigurationPlatforms) = postSolution
		{4C4C54E5-C199-4146-B5D7-FDDC9FE74066}.Debug|x64.ActiveCfg = Debug|x64
		{4C4C54E5-C199-4146-B5D7-FDDC9FE74066}.Debug|x64.Build.0 = Debug|x64
		{4C4C54E5-C199-4146-B5D7-FDDC9FE74066}.Debug|x86.ActiveCfg = Debug|Win32
		{4C4C54E5-C199-4146-B5D7-FDDC9FE74066}.Debug|x86.Build.0 = Debug|Win32
		{4C4C54E5-C199-4146-B5D7-FDDC9FE74066}.Release|x64.ActiveCfg = Release|x64
		{4C4C54E5-C199-4146-B5D7-FDDC9FE74066}.Release|x64.Build.0 = Release|x64
		{4C4C54E5-C199-4146-B5D7-FDDC9FE74066}.Release|x64.Deploy.0 = Release|x64
		{4C4C54E5-C199-4146-B5D7-FDDC9FE74066}.Release|x86.ActiveCfg = Release|Win32
		{4C4C54E5-C199-4146-B5D7-FDDC9FE74066}.Release|x86.Build.0 = Release|Win32
		{408B9E7F-A20F-49BC-AF1D-4D1365EEEED6}.Debug|x64.ActiveCfg = Debug|x64
		{408B9E7F-A20F-49BC-AF1D-4D1365EEEED6}.Debug|x64.Build.0 = Debug|x64
		{408B9E7F-A20F-49BC-AF1D-4D1365EEEED6}.Debug|x86.ActiveCfg = Debug|Win32
		{408B9E7F-A20F-49BC-AF1D-4D1365EEEED6}.Debug|x86.Build.0 = Debug|Win32
		{408B9E7F-A20F-49BC-AF1D-4D1365EEEED6}.Release|x64.ActiveCfg = Release|x64
		{408B9E7F-A20F-49BC-AF1D-4D1365EEEED6}.Release|x64.Build.0 = Release|x64
		{408B9E7F-A20F-49BC-AF1D-4D1365EEEED6}.Release|x86.ActiveCfg = Release|Win32
		{408B9E7F-A20F-49BC-AF1D-4D1365EEEED6}.Release|x86.Build.0 = Release|Win32
	EndGlobalSection
	GlobalSection(SolutionProperties) = preSolution
		HideSolutionNode = FALSE
	EndGlobalSection
	GlobalSection(ExtensibilityGlobals) = postSolution
		SolutionGuid = {DEBD77AB-CCC5-4B17-A183-1B0DC2F25146}
	EndGlobalSection
EndGlobal
